
Microsoft Visual Studio Solution File, Format Version 12.00
# Visual Studio 2013
VisualStudioVersion = 12.0.31101.0
MinimumVisualStudioVersion = 10.0.40219.1
Project("{FAE04EC0-301F-11D3-BF4B-00C04F79EFBC}") = "Love2think", "Love2think\Love2think.csproj", "{3748E427-1B39-4F77-A6DD-0BB9536582FD}"
EndProject
Project("{FAE04EC0-301F-11D3-BF4B-00C04F79EFBC}") = "Love2think.Tests", "Love2think.Tests\Love2think.Tests.csproj", "{D1476A6B-082B-4A7B-ACF9-83B12CD160CF}"
EndProject
Global
	GlobalSection(SolutionConfigurationPlatforms) = preSolution
		Debug|Any CPU = Debug|Any CPU
		Release|Any CPU = Release|Any CPU
	EndGlobalSection
	GlobalSection(ProjectConfigurationPlatforms) = postSolution
		{3748E427-1B39-4F77-A6DD-0BB9536582FD}.Debug|Any CPU.ActiveCfg = Debug|Any CPU
		{3748E427-1B39-4F77-A6DD-0BB9536582FD}.Debug|Any CPU.Build.0 = Debug|Any CPU
		{3748E427-1B39-4F77-A6DD-0BB9536582FD}.Release|Any CPU.ActiveCfg = Release|Any CPU
		{3748E427-1B39-4F77-A6DD-0BB9536582FD}.Release|Any CPU.Build.0 = Release|Any CPU
		{D1476A6B-082B-4A7B-ACF9-83B12CD160CF}.Debug|Any CPU.ActiveCfg = Debug|Any CPU
		{D1476A6B-082B-4A7B-ACF9-83B12CD160CF}.Debug|Any CPU.Build.0 = Debug|Any CPU
		{D1476A6B-082B-4A7B-ACF9-83B12CD160CF}.Release|Any CPU.ActiveCfg = Release|Any CPU
		{D1476A6B-082B-4A7B-ACF9-83B12CD160CF}.Release|Any CPU.Build.0 = Release|Any CPU
	EndGlobalSection
	GlobalSection(SolutionProperties) = preSolution
		HideSolutionNode = FALSE
	EndGlobalSection
EndGlobal
