
Microsoft Visual Studio Solution File, Format Version 12.00
# Visual Studio 2013
VisualStudioVersion = 12.0.31101.0
MinimumVisualStudioVersion = 10.0.40219.1
Project("{FAE04EC0-301F-11D3-BF4B-00C04F79EFBC}") = "lovetothink", "lovetothink\lovetothink.csproj", "{A1313B63-0750-4428-B4E7-D8B45442D278}"
EndProject
Project("{FAE04EC0-301F-11D3-BF4B-00C04F79EFBC}") = "lovetothink.Tests", "lovetothink.Tests\lovetothink.Tests.csproj", "{39C25D79-566B-48D0-A3E9-833BB7B835E7}"
EndProject
Global
	GlobalSection(SolutionConfigurationPlatforms) = preSolution
		Debug|Any CPU = Debug|Any CPU
		Release|Any CPU = Release|Any CPU
	EndGlobalSection
	GlobalSection(ProjectConfigurationPlatforms) = postSolution
		{A1313B63-0750-4428-B4E7-D8B45442D278}.Debug|Any CPU.ActiveCfg = Debug|Any CPU
		{A1313B63-0750-4428-B4E7-D8B45442D278}.Debug|Any CPU.Build.0 = Debug|Any CPU
		{A1313B63-0750-4428-B4E7-D8B45442D278}.Release|Any CPU.ActiveCfg = Release|Any CPU
		{A1313B63-0750-4428-B4E7-D8B45442D278}.Release|Any CPU.Build.0 = Release|Any CPU
		{39C25D79-566B-48D0-A3E9-833BB7B835E7}.Debug|Any CPU.ActiveCfg = Debug|Any CPU
		{39C25D79-566B-48D0-A3E9-833BB7B835E7}.Debug|Any CPU.Build.0 = Debug|Any CPU
		{39C25D79-566B-48D0-A3E9-833BB7B835E7}.Release|Any CPU.ActiveCfg = Release|Any CPU
		{39C25D79-566B-48D0-A3E9-833BB7B835E7}.Release|Any CPU.Build.0 = Release|Any CPU
	EndGlobalSection
	GlobalSection(SolutionProperties) = preSolution
		HideSolutionNode = FALSE
	EndGlobalSection
EndGlobal
